
Microsoft Visual Studio Solution File, Format Version 12.00
# Visual Studio Version 16
VisualStudioVersion = 16.0.29123.88
MinimumVisualStudioVersion = 10.0.40219.1
Project("{FAE04EC0-301F-11D3-BF4B-00C04F79EFBC}") = "LSI", "LSI\LSI.csproj", "{68B82534-80CD-444D-8A98-9E4E6167827B}"
EndProject
Project("{FAE04EC0-301F-11D3-BF4B-00C04F79EFBC}") = "LSI.Data", "LSI.Application\LSI.Data.csproj", "{EE1BEBF3-5E0A-4D51-976B-254E159DBBFB}"
EndProject
Project("{FAE04EC0-301F-11D3-BF4B-00C04F79EFBC}") = "LSI.Common", "LSI.Common\LSI.Common.csproj", "{21C4CBAA-C95D-40F2-9A88-B82A4FC961E6}"
EndProject
Global
	GlobalSection(SolutionConfigurationPlatforms) = preSolution
		Debug|Any CPU = Debug|Any CPU
		Release|Any CPU = Release|Any CPU
	EndGlobalSection
	GlobalSection(ProjectConfigurationPlatforms) = postSolution
		{68B82534-80CD-444D-8A98-9E4E6167827B}.Debug|Any CPU.ActiveCfg = Debug|Any CPU
		{68B82534-80CD-444D-8A98-9E4E6167827B}.Debug|Any CPU.Build.0 = Debug|Any CPU
		{68B82534-80CD-444D-8A98-9E4E6167827B}.Release|Any CPU.ActiveCfg = Release|Any CPU
		{68B82534-80CD-444D-8A98-9E4E6167827B}.Release|Any CPU.Build.0 = Release|Any CPU
		{EE1BEBF3-5E0A-4D51-976B-254E159DBBFB}.Debug|Any CPU.ActiveCfg = Debug|Any CPU
		{EE1BEBF3-5E0A-4D51-976B-254E159DBBFB}.Debug|Any CPU.Build.0 = Debug|Any CPU
		{EE1BEBF3-5E0A-4D51-976B-254E159DBBFB}.Release|Any CPU.ActiveCfg = Release|Any CPU
		{EE1BEBF3-5E0A-4D51-976B-254E159DBBFB}.Release|Any CPU.Build.0 = Release|Any CPU
		{21C4CBAA-C95D-40F2-9A88-B82A4FC961E6}.Debug|Any CPU.ActiveCfg = Debug|Any CPU
		{21C4CBAA-C95D-40F2-9A88-B82A4FC961E6}.Debug|Any CPU.Build.0 = Debug|Any CPU
		{21C4CBAA-C95D-40F2-9A88-B82A4FC961E6}.Release|Any CPU.ActiveCfg = Release|Any CPU
		{21C4CBAA-C95D-40F2-9A88-B82A4FC961E6}.Release|Any CPU.Build.0 = Release|Any CPU
	EndGlobalSection
	GlobalSection(SolutionProperties) = preSolution
		HideSolutionNode = FALSE
	EndGlobalSection
	GlobalSection(ExtensibilityGlobals) = postSolution
		SolutionGuid = {BBD385C1-ED42-4B88-9E3E-B8E210A8DD56}
	EndGlobalSection
EndGlobal
